
Microsoft Visual Studio Solution File, Format Version 12.00
# Visual Studio Version 17
VisualStudioVersion = 17.11.35312.102
MinimumVisualStudioVersion = 10.0.40219.1
Project("{FAE04EC0-301F-11D3-BF4B-00C04F79EFBC}") = "CCVProyectoP2", "CCVProyectoP2\CCVProyectoP2.csproj", "{B3E5482E-83AC-4C7B-9821-482D2F9D37EA}"
EndProject
Global
	GlobalSection(SolutionConfigurationPlatforms) = preSolution
		Debug|Any CPU = Debug|Any CPU
		Release|Any CPU = Release|Any CPU
	EndGlobalSection
	GlobalSection(ProjectConfigurationPlatforms) = postSolution
		{B3E5482E-83AC-4C7B-9821-482D2F9D37EA}.Debug|Any CPU.ActiveCfg = Debug|Any CPU
		{B3E5482E-83AC-4C7B-9821-482D2F9D37EA}.Debug|Any CPU.Build.0 = Debug|Any CPU
		{B3E5482E-83AC-4C7B-9821-482D2F9D37EA}.Debug|Any CPU.Deploy.0 = Debug|Any CPU
		{B3E5482E-83AC-4C7B-9821-482D2F9D37EA}.Release|Any CPU.ActiveCfg = Release|Any CPU
		{B3E5482E-83AC-4C7B-9821-482D2F9D37EA}.Release|Any CPU.Build.0 = Release|Any CPU
		{B3E5482E-83AC-4C7B-9821-482D2F9D37EA}.Release|Any CPU.Deploy.0 = Release|Any CPU
	EndGlobalSection
	GlobalSection(SolutionProperties) = preSolution
		HideSolutionNode = FALSE
	EndGlobalSection
	GlobalSection(ExtensibilityGlobals) = postSolution
		SolutionGuid = {41D33597-AA0F-458D-8ACE-9782A3644BE7}
	EndGlobalSection
EndGlobal
